{
  "requires": true,
  "lockfileVersion": 1,
  "dependencies": {
    "@types/node": {
      "version": "10.12.14",
      "resolved": "http://registry.npm.taobao.org/@types/node/download/@types/node-10.12.14.tgz",
      "integrity": "sha1-wDtjgMXDAb4EmezRQ7mbduvkVng=",
      "dev": true
    }
  }
}
